// !$*UTF8*$!
{
	archiveVersion = 1;
	classes = {
	};
	objectVersion = 46;
	objects = {

/* Begin PBXBuildFile section */
		79A451551AA262C500E529DD /* main.m in Sources */ = {isa = PBXBuildFile; fileRef = 79A451541AA262C500E529DD /* main.m */; };
		79A451581AA262C500E529DD /* AppDelegate.m in Sources */ = {isa = PBXBuildFile; fileRef = 79A451571AA262C500E529DD /* AppDelegate.m */; };
		79A4515B1AA262C500E529DD /* MasterViewController.m in Sources */ = {isa = PBXBuildFile; fileRef = 79A4515A1AA262C500E529DD /* MasterViewController.m */; };
		79A4515E1AA262C500E529DD /* DetailViewController.m in Sources */ = {isa = PBXBuildFile; fileRef = 79A4515D1AA262C500E529DD /* DetailViewController.m */; };
		79A451611AA262C500E529DD /* Main.storyboard in Resources */ = {isa = PBXBuildFile; fileRef = 79A4515F1AA262C500E529DD /* Main.storyboard */; };
		79A451631AA262C500E529DD /* Images.xcassets in Resources */ = {isa = PBXBuildFile; fileRef = 79A451621AA262C500E529DD /* Images.xcassets */; };
		79A451661AA262C500E529DD /* LaunchScreen.xib in Resources */ = {isa = PBXBuildFile; fileRef = 79A451641AA262C500E529DD /* LaunchScreen.xib */; };
		79A451721AA262C500E529DD /* mikeandtimsappTests.m in Sources */ = {isa = PBXBuildFile; fileRef = 79A451711AA262C500E529DD /* mikeandtimsappTests.m */; };
/* End PBXBuildFile section */

/* Begin PBXContainerItemProxy section */
		79A4516C1AA262C500E529DD /* PBXContainerItemProxy */ = {
			isa = PBXContainerItemProxy;
			containerPortal = 79A451471AA262C500E529DD /* Project object */;
			proxyType = 1;
			remoteGlobalIDString = 79A4514E1AA262C500E529DD;
			remoteInfo = mikeandtimsapp;
		};
/* End PBXContainerItemProxy section */

/* Begin PBXFileReference section */
		79A4514F1AA262C500E529DD /* mikeandtimsapp.app */ = {isa = PBXFileReference; explicitFileType = wrapper.application; includeInIndex = 0; path = mikeandtimsapp.app; sourceTree = BUILT_PRODUCTS_DIR; };
		79A451531AA262C500E529DD /* Info.plist */ = {isa = PBXFileReference; lastKnownFileType = text.plist.xml; path = Info.plist; sourceTree = "<group>"; };
		79A451541AA262C500E529DD /* main.m */ = {isa = PBXFileReference; lastKnownFileType = sourcecode.c.objc; path = main.m; sourceTree = "<group>"; };
		79A451561AA262C500E529DD /* AppDelegate.h */ = {isa = PBXFileReference; lastKnownFileType = sourcecode.c.h; path = AppDelegate.h; sourceTree = "<group>"; };
		79A451571AA262C500E529DD /* AppDelegate.m */ = {isa = PBXFileReference; lastKnownFileType = sourcecode.c.objc; path = AppDelegate.m; sourceTree = "<group>"; };
		79A451591AA262C500E529DD /* MasterViewController.h */ = {isa = PBXFileReference; lastKnownFileType = sourcecode.c.h; path = MasterViewController.h; sourceTree = "<group>"; };
		79A4515A1AA262C500E529DD /* MasterViewController.m */ = {isa = PBXFileReference; lastKnownFileType = sourcecode.c.objc; path = MasterViewController.m; sourceTree = "<group>"; };
		79A4515C1AA262C500E529DD /* DetailViewController.h */ = {isa = PBXFileReference; lastKnownFileType = sourcecode.c.h; path = DetailViewController.h; sourceTree = "<group>"; };
		79A4515D1AA262C500E529DD /* DetailViewController.m */ = {isa = PBXFileReference; lastKnownFileType = sourcecode.c.objc; path = DetailViewController.m; sourceTree = "<group>"; };
		79A451601AA262C500E529DD /* Base */ = {isa = PBXFileReference; lastKnownFileType = file.storyboard; name = Base; path = Base.lproj/Main.storyboard; sourceTree = "<group>"; };
		79A451621AA262C500E529DD /* Images.xcassets */ = {isa = PBXFileReference; lastKnownFileType = folder.assetcatalog; path = Images.xcassets; sourceTree = "<group>"; };
		79A451651AA262C500E529DD /* Base */ = {isa = PBXFileReference; lastKnownFileType = file.xib; name = Base; path = Base.lproj/LaunchScreen.xib; sourceTree = "<group>"; };
		79A4516B1AA262C500E529DD /* mikeandtimsappTests.xctest */ = {isa = PBXFileReference; explicitFileType = wrapper.cfbundle; includeInIndex = 0; path = mikeandtimsappTests.xctest; sourceTree = BUILT_PRODUCTS_DIR; };
		79A451701AA262C500E529DD /* Info.plist */ = {isa = PBXFileReference; lastKnownFileType = text.plist.xml; path = Info.plist; sourceTree = "<group>"; };
		79A451711AA262C500E529DD /* mikeandtimsappTests.m */ = {isa = PBXFileReference; lastKnownFileType = sourcecode.c.objc; path = mikeandtimsappTests.m; sourceTree = "<group>"; };
/* End PBXFileReference section */

/* Begin PBXFrameworksBuildPhase section */
		79A4514C1AA262C500E529DD /* Frameworks */ = {
			isa = PBXFrameworksBuildPhase;
			buildActionMask = 2147483647;
			files = (
			);
			runOnlyForDeploymentPostprocessing = 0;
		};
		79A451681AA262C500E529DD /* Frameworks */ = {
			isa = PBXFrameworksBuildPhase;
			buildActionMask = 2147483647;
			files = (
			);
			runOnlyForDeploymentPostprocessing = 0;
		};
/* End PBXFrameworksBuildPhase section */

/* Begin PBXGroup section */
		79A451461AA262C500E529DD = {
			isa = PBXGroup;
			children = (
				79A451511AA262C500E529DD /* mikeandtimsapp */,
				79A4516E1AA262C500E529DD /* mikeandtimsappTests */,
				79A451501AA262C500E529DD /* Products */,
			);
			sourceTree = "<group>";
		};
		79A451501AA262C500E529DD /* Products */ = {
			isa = PBXGroup;
			children = (
				79A4514F1AA262C500E529DD /* mikeandtimsapp.app */,
				79A4516B1AA262C500E529DD /* mikeandtimsappTests.xctest */,
			);
			name = Products;
			sourceTree = "<group>";
		};
		79A451511AA262C500E529DD /* mikeandtimsapp */ = {
			isa = PBXGroup;
			children = (
				79A451561AA262C500E529DD /* AppDelegate.h */,
				79A451571AA262C500E529DD /* AppDelegate.m */,
				79A451591AA262C500E529DD /* MasterViewController.h */,
				79A4515A1AA262C500E529DD /* MasterViewController.m */,
				79A4515C1AA262C500E529DD /* DetailViewController.h */,
				79A4515D1AA262C500E529DD /* DetailViewController.m */,
				79A4515F1AA262C500E529DD /* Main.storyboard */,
				79A451621AA262C500E529DD /* Images.xcassets */,
				79A451641AA262C500E529DD /* LaunchScreen.xib */,
				79A451521AA262C500E529DD /* Supporting Files */,
			);
			path = mikeandtimsapp;
			sourceTree = "<group>";
		};
		79A451521AA262C500E529DD /* Supporting Files */ = {
			isa = PBXGroup;
			children = (
				79A451531AA262C500E529DD /* Info.plist */,
				79A451541AA262C500E529DD /* main.m */,
			);
			name = "Supporting Files";
			sourceTree = "<group>";
		};
		79A4516E1AA262C500E529DD /* mikeandtimsappTests */ = {
			isa = PBXGroup;
			children = (
				79A451711AA262C500E529DD /* mikeandtimsappTests.m */,
				79A4516F1AA262C500E529DD /* Supporting Files */,
			);
			path = mikeandtimsappTests;
			sourceTree = "<group>";
		};
		79A4516F1AA262C500E529DD /* Supporting Files */ = {
			isa = PBXGroup;
			children = (
				79A451701AA262C500E529DD /* Info.plist */,
			);
			name = "Supporting Files";
			sourceTree = "<group>";
		};
/* End PBXGroup section */

/* Begin PBXNativeTarget section */
		79A4514E1AA262C500E529DD /* mikeandtimsapp */ = {
			isa = PBXNativeTarget;
			buildConfigurationList = 79A451751AA262C500E529DD /* Build configuration list for PBXNativeTarget "mikeandtimsapp" */;
			buildPhases = (
				79A4514B1AA262C500E529DD /* Sources */,
				79A4514C1AA262C500E529DD /* Frameworks */,
				79A4514D1AA262C500E529DD /* Resources */,
			);
			buildRules = (
			);
			dependencies = (
			);
			name = mikeandtimsapp;
			productName = mikeandtimsapp;
			productReference = 79A4514F1AA262C500E529DD /* mikeandtimsapp.app */;
			productType = "com.apple.product-type.application";
		};
		79A4516A1AA262C500E529DD /* mikeandtimsappTests */ = {
			isa = PBXNativeTarget;
			buildConfigurationList = 79A451781AA262C500E529DD /* Build configuration list for PBXNativeTarget "mikeandtimsappTests" */;
			buildPhases = (
				79A451671AA262C500E529DD /* Sources */,
				79A451681AA262C500E529DD /* Frameworks */,
				79A451691AA262C500E529DD /* Resources */,
			);
			buildRules = (
			);
			dependencies = (
				79A4516D1AA262C500E529DD /* PBXTargetDependency */,
			);
			name = mikeandtimsappTests;
			productName = mikeandtimsappTests;
			productReference = 79A4516B1AA262C500E529DD /* mikeandtimsappTests.xctest */;
			productType = "com.apple.product-type.bundle.unit-test";
		};
/* End PBXNativeTarget section */

/* Begin PBXProject section */
		79A451471AA262C500E529DD /* Project object */ = {
			isa = PBXProject;
			attributes = {
				LastUpgradeCheck = 0610;
				ORGANIZATIONNAME = Michael;
				TargetAttributes = {
					79A4514E1AA262C500E529DD = {
						CreatedOnToolsVersion = 6.1.1;
					};
					79A4516A1AA262C500E529DD = {
						CreatedOnToolsVersion = 6.1.1;
						TestTargetID = 79A4514E1AA262C500E529DD;
					};
				};
			};
			buildConfigurationList = 79A4514A1AA262C500E529DD /* Build configuration list for PBXProject "mikeandtimsapp" */;
			compatibilityVersion = "Xcode 3.2";
			developmentRegion = English;
			hasScannedForEncodings = 0;
			knownRegions = (
				en,
				Base,
			);
			mainGroup = 79A451461AA262C500E529DD;
			productRefGroup = 79A451501AA262C500E529DD /* Products */;
			projectDirPath = "";
			projectRoot = "";
			targets = (
				79A4514E1AA262C500E529DD /* mikeandtimsapp */,
				79A4516A1AA262C500E529DD /* mikeandtimsappTests */,
			);
		};
/* End PBXProject section */

/* Begin PBXResourcesBuildPhase section */
		79A4514D1AA262C500E529DD /* Resources */ = {
			isa = PBXResourcesBuildPhase;
			buildActionMask = 2147483647;
			files = (
				79A451611AA262C500E529DD /* Main.storyboard in Resources */,
				79A451661AA262C500E529DD /* LaunchScreen.xib in Resources */,
				79A451631AA262C500E529DD /* Images.xcassets in Resources */,
			);
			runOnlyForDeploymentPostprocessing = 0;
		};
		79A451691AA262C500E529DD /* Resources */ = {
			isa = PBXResourcesBuildPhase;
			buildActionMask = 2147483647;
			files = (
			);
			runOnlyForDeploymentPostprocessing = 0;
		};
/* End PBXResourcesBuildPhase section */

/* Begin PBXSourcesBuildPhase section */
		79A4514B1AA262C500E529DD /* Sources */ = {
			isa = PBXSourcesBuildPhase;
			buildActionMask = 2147483647;
			files = (
				79A451581AA262C500E529DD /* AppDelegate.m in Sources */,
				79A4515B1AA262C500E529DD /* MasterViewController.m in Sources */,
				79A451551AA262C500E529DD /* main.m in Sources */,
				79A4515E1AA262C500E529DD /* DetailViewController.m in Sources */,
			);
			runOnlyForDeploymentPostprocessing = 0;
		};
		79A451671AA262C500E529DD /* Sources */ = {
			isa = PBXSourcesBuildPhase;
			buildActionMask = 2147483647;
			files = (
				79A451721AA262C500E529DD /* mikeandtimsappTests.m in Sources */,
			);
			runOnlyForDeploymentPostprocessing = 0;
		};
/* End PBXSourcesBuildPhase section */

/* Begin PBXTargetDependency section */
		79A4516D1AA262C500E529DD /* PBXTargetDependency */ = {
			isa = PBXTargetDependency;
			target = 79A4514E1AA262C500E529DD /* mikeandtimsapp */;
			targetProxy = 79A4516C1AA262C500E529DD /* PBXContainerItemProxy */;
		};
/* End PBXTargetDependency section */

/* Begin PBXVariantGroup section */
		79A4515F1AA262C500E529DD /* Main.storyboard */ = {
			isa = PBXVariantGroup;
			children = (
				79A451601AA262C500E529DD /* Base */,
			);
			name = Main.storyboard;
			sourceTree = "<group>";
		};
		79A451641AA262C500E529DD /* LaunchScreen.xib */ = {
			isa = PBXVariantGroup;
			children = (
				79A451651AA262C500E529DD /* Base */,
			);
			name = LaunchScreen.xib;
			sourceTree = "<group>";
		};
/* End PBXVariantGroup section */

/* Begin XCBuildConfiguration section */
		79A451731AA262C500E529DD /* Debug */ = {
			isa = XCBuildConfiguration;
			buildSettings = {
				ALWAYS_SEARCH_USER_PATHS = NO;
				CLANG_CXX_LANGUAGE_STANDARD = "gnu++0x";
				CLANG_CXX_LIBRARY = "libc++";
				CLANG_ENABLE_MODULES = YES;
				CLANG_ENABLE_OBJC_ARC = YES;
				CLANG_WARN_BOOL_CONVERSION = YES;
				CLANG_WARN_CONSTANT_CONVERSION = YES;
				CLANG_WARN_DIRECT_OBJC_ISA_USAGE = YES_ERROR;
				CLANG_WARN_EMPTY_BODY = YES;
				CLANG_WARN_ENUM_CONVERSION = YES;
				CLANG_WARN_INT_CONVERSION = YES;
				CLANG_WARN_OBJC_ROOT_CLASS = YES_ERROR;
				CLANG_WARN_UNREACHABLE_CODE = YES;
				CLANG_WARN__DUPLICATE_METHOD_MATCH = YES;
				"CODE_SIGN_IDENTITY[sdk=iphoneos*]" = "iPhone Developer";
				COPY_PHASE_STRIP = NO;
				ENABLE_STRICT_OBJC_MSGSEND = YES;
				GCC_C_LANGUAGE_STANDARD = gnu99;
				GCC_DYNAMIC_NO_PIC = NO;
				GCC_OPTIMIZATION_LEVEL = 0;
				GCC_PREPROCESSOR_DEFINITIONS = (
					"DEBUG=1",
					"$(inherited)",
				);
				GCC_SYMBOLS_PRIVATE_EXTERN = NO;
				GCC_WARN_64_TO_32_BIT_CONVERSION = YES;
				GCC_WARN_ABOUT_RETURN_TYPE = YES_ERROR;
				GCC_WARN_UNDECLARED_SELECTOR = YES;
				GCC_WARN_UNINITIALIZED_AUTOS = YES_AGGRESSIVE;
				GCC_WARN_UNUSED_FUNCTION = YES;
				GCC_WARN_UNUSED_VARIABLE = YES;
				IPHONEOS_DEPLOYMENT_TARGET = 8.1;
				MTL_ENABLE_DEBUG_INFO = YES;
				ONLY_ACTIVE_ARCH = YES;
				SDKROOT = iphoneos;
				TARGETED_DEVICE_FAMILY = "1,2";
			};
			name = Debug;
		};
		79A451741AA262C500E529DD /* Release */ = {
			isa = XCBuildConfiguration;
			buildSettings = {
				ALWAYS_SEARCH_USER_PATHS = NO;
				CLANG_CXX_LANGUAGE_STANDARD = "gnu++0x";
				CLANG_CXX_LIBRARY = "libc++";
				CLANG_ENABLE_MODULES = YES;
				CLANG_ENABLE_OBJC_ARC = YES;
				CLANG_WARN_BOOL_CONVERSION = YES;
				CLANG_WARN_CONSTANT_CONVERSION = YES;
				CLANG_WARN_DIRECT_OBJC_ISA_USAGE = YES_ERROR;
				CLANG_WARN_EMPTY_BODY = YES;
				CLANG_WARN_ENUM_CONVERSION = YES;
				CLANG_WARN_INT_CONVERSION = YES;
				CLANG_WARN_OBJC_ROOT_CLASS = YES_ERROR;
				CLANG_WARN_UNREACHABLE_CODE = YES;
				CLANG_WARN__DUPLICATE_METHOD_MATCH = YES;
				"CODE_SIGN_IDENTITY[sdk=iphoneos*]" = "iPhone Developer";
				COPY_PHASE_STRIP = YES;
				ENABLE_NS_ASSERTIONS = NO;
				ENABLE_STRICT_OBJC_MSGSEND = YES;
				GCC_C_LANGUAGE_STANDARD = gnu99;
				GCC_WARN_64_TO_32_BIT_CONVERSION = YES;
				GCC_WARN_ABOUT_RETURN_TYPE = YES_ERROR;
				GCC_WARN_UNDECLARED_SELECTOR = YES;
				GCC_WARN_UNINITIALIZED_AUTOS = YES_AGGRESSIVE;
				GCC_WARN_UNUSED_FUNCTION = YES;
				GCC_WARN_UNUSED_VARIABLE = YES;
				IPHONEOS_DEPLOYMENT_TARGET = 8.1;
				MTL_ENABLE_DEBUG_INFO = NO;
				SDKROOT = iphoneos;
				TARGETED_DEVICE_FAMILY = "1,2";
				VALIDATE_PRODUCT = YES;
			};
			name = Release;
		};
		79A451761AA262C500E529DD /* Debug */ = {
			isa = XCBuildConfiguration;
			buildSettings = {
				ASSETCATALOG_COMPILER_APPICON_NAME = AppIcon;
				INFOPLIST_FILE = mikeandtimsapp/Info.plist;
				LD_RUNPATH_SEARCH_PATHS = "$(inherited) @executable_path/Frameworks";
				PRODUCT_NAME = "$(TARGET_NAME)";
			};
			name = Debug;
		};
		79A451771AA262C500E529DD /* Release */ = {
			isa = XCBuildConfiguration;
			buildSettings = {
				ASSETCATALOG_COMPILER_APPICON_NAME = AppIcon;
				INFOPLIST_FILE = mikeandtimsapp/Info.plist;
				LD_RUNPATH_SEARCH_PATHS = "$(inherited) @executable_path/Frameworks";
				PRODUCT_NAME = "$(TARGET_NAME)";
			};
			name = Release;
		};
		79A451791AA262C500E529DD /* Debug */ = {
			isa = XCBuildConfiguration;
			buildSettings = {
				BUNDLE_LOADER = "$(TEST_HOST)";
				FRAMEWORK_SEARCH_PATHS = (
					"$(SDKROOT)/Developer/Library/Frameworks",
					"$(inherited)",
				);
				GCC_PREPROCESSOR_DEFINITIONS = (
					"DEBUG=1",
					"$(inherited)",
				);
				INFOPLIST_FILE = mikeandtimsappTests/Info.plist;
				LD_RUNPATH_SEARCH_PATHS = "$(inherited) @executable_path/Frameworks @loader_path/Frameworks";
				PRODUCT_NAME = "$(TARGET_NAME)";
				TEST_HOST = "$(BUILT_PRODUCTS_DIR)/mikeandtimsapp.app/mikeandtimsapp";
			};
			name = Debug;
		};
		79A4517A1AA262C500E529DD /* Release */ = {
			isa = XCBuildConfiguration;
			buildSettings = {
				BUNDLE_LOADER = "$(TEST_HOST)";
				FRAMEWORK_SEARCH_PATHS = (
					"$(SDKROOT)/Developer/Library/Frameworks",
					"$(inherited)",
				);
				INFOPLIST_FILE = mikeandtimsappTests/Info.plist;
				LD_RUNPATH_SEARCH_PATHS = "$(inherited) @executable_path/Frameworks @loader_path/Frameworks";
				PRODUCT_NAME = "$(TARGET_NAME)";
				TEST_HOST = "$(BUILT_PRODUCTS_DIR)/mikeandtimsapp.app/mikeandtimsapp";
			};
			name = Release;
		};
/* End XCBuildConfiguration section */

/* Begin XCConfigurationList section */
		79A4514A1AA262C500E529DD /* Build configuration list for PBXProject "mikeandtimsapp" */ = {
			isa = XCConfigurationList;
			buildConfigurations = (
				79A451731AA262C500E529DD /* Debug */,
				79A451741AA262C500E529DD /* Release */,
			);
			defaultConfigurationIsVisible = 0;
			defaultConfigurationName = Release;
		};
		79A451751AA262C500E529DD /* Build configuration list for PBXNativeTarget "mikeandtimsapp" */ = {
			isa = XCConfigurationList;
			buildConfigurations = (
				79A451761AA262C500E529DD /* Debug */,
				79A451771AA262C500E529DD /* Release */,
			);
			defaultConfigurationIsVisible = 0;
		};
		79A451781AA262C500E529DD /* Build configuration list for PBXNativeTarget "mikeandtimsappTests" */ = {
			isa = XCConfigurationList;
			buildConfigurations = (
				79A451791AA262C500E529DD /* Debug */,
				79A4517A1AA262C500E529DD /* Release */,
			);
			defaultConfigurationIsVisible = 0;
		};
/* End XCConfigurationList section */
	};
	rootObject = 79A451471AA262C500E529DD /* Project object */;
}
